
Microsoft Visual Studio Solution File, Format Version 12.00
# Visual Studio Version 17
VisualStudioVersion = 17.2.32526.322
MinimumVisualStudioVersion = 10.0.40219.1
Project("{FAE04EC0-301F-11D3-BF4B-00C04F79EFBC}") = "BlazorMarkDownAppJwt.Server", "BlazorMarkDownAppJwt\Server\BlazorMarkDownAppJwt.Server.csproj", "{60D2484F-CC4F-4C52-BBF2-7EB56AE71DF3}"
EndProject
Project("{FAE04EC0-301F-11D3-BF4B-00C04F79EFBC}") = "BlazorMarkDownAppJwt.Client", "BlazorMarkDownAppJwt\Client\BlazorMarkDownAppJwt.Client.csproj", "{2C6E23A9-1D62-4229-BD22-5A92FFAC16E1}"
EndProject
Project("{FAE04EC0-301F-11D3-BF4B-00C04F79EFBC}") = "BlazorMarkDownAppJwt.Shared", "BlazorMarkDownAppJwt\Shared\BlazorMarkDownAppJwt.Shared.csproj", "{720B01CB-CEAB-4ACF-94CB-DE7CD9729153}"
EndProject
Global
	GlobalSection(SolutionConfigurationPlatforms) = preSolution
		Debug|Any CPU = Debug|Any CPU
		Release|Any CPU = Release|Any CPU
	EndGlobalSection
	GlobalSection(ProjectConfigurationPlatforms) = postSolution
		{60D2484F-CC4F-4C52-BBF2-7EB56AE71DF3}.Debug|Any CPU.ActiveCfg = Debug|Any CPU
		{60D2484F-CC4F-4C52-BBF2-7EB56AE71DF3}.Debug|Any CPU.Build.0 = Debug|Any CPU
		{60D2484F-CC4F-4C52-BBF2-7EB56AE71DF3}.Release|Any CPU.ActiveCfg = Release|Any CPU
		{60D2484F-CC4F-4C52-BBF2-7EB56AE71DF3}.Release|Any CPU.Build.0 = Release|Any CPU
		{2C6E23A9-1D62-4229-BD22-5A92FFAC16E1}.Debug|Any CPU.ActiveCfg = Debug|Any CPU
		{2C6E23A9-1D62-4229-BD22-5A92FFAC16E1}.Debug|Any CPU.Build.0 = Debug|Any CPU
		{2C6E23A9-1D62-4229-BD22-5A92FFAC16E1}.Release|Any CPU.ActiveCfg = Release|Any CPU
		{2C6E23A9-1D62-4229-BD22-5A92FFAC16E1}.Release|Any CPU.Build.0 = Release|Any CPU
		{720B01CB-CEAB-4ACF-94CB-DE7CD9729153}.Debug|Any CPU.ActiveCfg = Debug|Any CPU
		{720B01CB-CEAB-4ACF-94CB-DE7CD9729153}.Debug|Any CPU.Build.0 = Debug|Any CPU
		{720B01CB-CEAB-4ACF-94CB-DE7CD9729153}.Release|Any CPU.ActiveCfg = Release|Any CPU
		{720B01CB-CEAB-4ACF-94CB-DE7CD9729153}.Release|Any CPU.Build.0 = Release|Any CPU
	EndGlobalSection
	GlobalSection(SolutionProperties) = preSolution
		HideSolutionNode = FALSE
	EndGlobalSection
	GlobalSection(ExtensibilityGlobals) = postSolution
		SolutionGuid = {DFEC5008-FBA9-4F11-9E7A-C787C9A6E938}
	EndGlobalSection
EndGlobal
